
Microsoft Visual Studio Solution File, Format Version 12.00
# Visual Studio Version 16
VisualStudioVersion = 16.0.30711.63
MinimumVisualStudioVersion = 10.0.40219.1
Project("{FAE04EC0-301F-11D3-BF4B-00C04F79EFBC}") = "DXWebApplication", "DXWebApplication\DXWebApplication.csproj", "{18E97EC2-142A-425F-A5CF-F43E3BE574C3}"
EndProject
Global
	GlobalSection(SolutionConfigurationPlatforms) = preSolution
		Debug|Any CPU = Debug|Any CPU
		Release|Any CPU = Release|Any CPU
	EndGlobalSection
	GlobalSection(ProjectConfigurationPlatforms) = postSolution
		{18E97EC2-142A-425F-A5CF-F43E3BE574C3}.Debug|Any CPU.ActiveCfg = Debug|Any CPU
		{18E97EC2-142A-425F-A5CF-F43E3BE574C3}.Debug|Any CPU.Build.0 = Debug|Any CPU
		{18E97EC2-142A-425F-A5CF-F43E3BE574C3}.Release|Any CPU.ActiveCfg = Release|Any CPU
		{18E97EC2-142A-425F-A5CF-F43E3BE574C3}.Release|Any CPU.Build.0 = Release|Any CPU
	EndGlobalSection
	GlobalSection(SolutionProperties) = preSolution
		HideSolutionNode = FALSE
	EndGlobalSection
	GlobalSection(ExtensibilityGlobals) = postSolution
		SolutionGuid = {B5EDBEAB-8EA2-405B-998C-ECD8AA11D4D3}
	EndGlobalSection
EndGlobal
